
Microsoft Visual Studio Solution File, Format Version 12.00
# Visual Studio Version 17
VisualStudioVersion = 17.4.33213.308
MinimumVisualStudioVersion = 10.0.40219.1
Project("{FAE04EC0-301F-11D3-BF4B-00C04F79EFBC}") = "RevitAPITraining_NWCExport", "RevitAPITraining_NWCExport\RevitAPITraining_NWCExport.csproj", "{FA86ED9D-BC4D-44CE-AAF1-206B382C6354}"
EndProject
Global
	GlobalSection(SolutionConfigurationPlatforms) = preSolution
		Debug|Any CPU = Debug|Any CPU
		Release|Any CPU = Release|Any CPU
	EndGlobalSection
	GlobalSection(ProjectConfigurationPlatforms) = postSolution
		{FA86ED9D-BC4D-44CE-AAF1-206B382C6354}.Debug|Any CPU.ActiveCfg = Debug|Any CPU
		{FA86ED9D-BC4D-44CE-AAF1-206B382C6354}.Debug|Any CPU.Build.0 = Debug|Any CPU
		{FA86ED9D-BC4D-44CE-AAF1-206B382C6354}.Release|Any CPU.ActiveCfg = Release|Any CPU
		{FA86ED9D-BC4D-44CE-AAF1-206B382C6354}.Release|Any CPU.Build.0 = Release|Any CPU
	EndGlobalSection
	GlobalSection(SolutionProperties) = preSolution
		HideSolutionNode = FALSE
	EndGlobalSection
	GlobalSection(ExtensibilityGlobals) = postSolution
		SolutionGuid = {2534FBAC-4531-423F-BEE1-D1D3B76D73E0}
	EndGlobalSection
EndGlobal
